
Microsoft Visual Studio Solution File, Format Version 12.00
# Visual Studio Version 16
VisualStudioVersion = 16.0.30204.135
MinimumVisualStudioVersion = 10.0.40219.1
Project("{FAE04EC0-301F-11D3-BF4B-00C04F79EFBC}") = "WebBootstrap_Dashboard3", "WebBootstrap_Dashboard3\WebBootstrap_Dashboard3.csproj", "{0E27E0DF-F7E5-4B86-BDD7-270CA192C8CC}"
EndProject
Global
	GlobalSection(SolutionConfigurationPlatforms) = preSolution
		Debug|Any CPU = Debug|Any CPU
		Release|Any CPU = Release|Any CPU
	EndGlobalSection
	GlobalSection(ProjectConfigurationPlatforms) = postSolution
		{0E27E0DF-F7E5-4B86-BDD7-270CA192C8CC}.Debug|Any CPU.ActiveCfg = Debug|Any CPU
		{0E27E0DF-F7E5-4B86-BDD7-270CA192C8CC}.Debug|Any CPU.Build.0 = Debug|Any CPU
		{0E27E0DF-F7E5-4B86-BDD7-270CA192C8CC}.Release|Any CPU.ActiveCfg = Release|Any CPU
		{0E27E0DF-F7E5-4B86-BDD7-270CA192C8CC}.Release|Any CPU.Build.0 = Release|Any CPU
	EndGlobalSection
	GlobalSection(SolutionProperties) = preSolution
		HideSolutionNode = FALSE
	EndGlobalSection
	GlobalSection(ExtensibilityGlobals) = postSolution
		SolutionGuid = {930D4111-3119-445D-B0E4-3F2AE0C1A03A}
	EndGlobalSection
EndGlobal
